
Microsoft Visual Studio Solution File, Format Version 12.00
# Visual Studio Version 17
VisualStudioVersion = 17.5.002.0
MinimumVisualStudioVersion = 10.0.40219.1
Project("{9A19103F-16F7-4668-BE54-9A1E7A4F7556}") = "fwmonitor", "fwmonitor.csproj", "{D9035C2C-158D-431F-8306-2DC79924E00F}"
EndProject
Global
	GlobalSection(SolutionConfigurationPlatforms) = preSolution
		Debug|Any CPU = Debug|Any CPU
		Release|Any CPU = Release|Any CPU
	EndGlobalSection
	GlobalSection(ProjectConfigurationPlatforms) = postSolution
		{D9AFFCBD-D19A-444C-A466-BD0C61E1A0FD}.Debug|Any CPU.ActiveCfg = Debug|Any CPU
		{D9AFFCBD-D19A-444C-A466-BD0C61E1A0FD}.Debug|Any CPU.Build.0 = Debug|Any CPU
		{D9AFFCBD-D19A-444C-A466-BD0C61E1A0FD}.Release|Any CPU.ActiveCfg = Release|Any CPU
		{D9AFFCBD-D19A-444C-A466-BD0C61E1A0FD}.Release|Any CPU.Build.0 = Release|Any CPU
		{D9035C2C-158D-431F-8306-2DC79924E00F}.Debug|Any CPU.ActiveCfg = Debug|Any CPU
		{D9035C2C-158D-431F-8306-2DC79924E00F}.Debug|Any CPU.Build.0 = Debug|Any CPU
		{D9035C2C-158D-431F-8306-2DC79924E00F}.Release|Any CPU.ActiveCfg = Release|Any CPU
		{D9035C2C-158D-431F-8306-2DC79924E00F}.Release|Any CPU.Build.0 = Release|Any CPU
	EndGlobalSection
	GlobalSection(SolutionProperties) = preSolution
		HideSolutionNode = FALSE
	EndGlobalSection
	GlobalSection(ExtensibilityGlobals) = postSolution
		SolutionGuid = {38424098-06C6-4A93-9D3B-1757631AF82D}
	EndGlobalSection
EndGlobal
